
Microsoft Visual Studio Solution File, Format Version 12.00
# Visual Studio 15
VisualStudioVersion = 15.0.28307.1259
MinimumVisualStudioVersion = 10.0.40219.1
Project("{FAE04EC0-301F-11D3-BF4B-00C04F79EFBC}") = "combination1", "combination1\combination1.csproj", "{0DC75F26-7504-4196-AD24-47E881420518}"
EndProject
Global
	GlobalSection(SolutionConfigurationPlatforms) = preSolution
		Debug|Any CPU = Debug|Any CPU
		Release|Any CPU = Release|Any CPU
	EndGlobalSection
	GlobalSection(ProjectConfigurationPlatforms) = postSolution
		{0DC75F26-7504-4196-AD24-47E881420518}.Debug|Any CPU.ActiveCfg = Debug|Any CPU
		{0DC75F26-7504-4196-AD24-47E881420518}.Debug|Any CPU.Build.0 = Debug|Any CPU
		{0DC75F26-7504-4196-AD24-47E881420518}.Release|Any CPU.ActiveCfg = Release|Any CPU
		{0DC75F26-7504-4196-AD24-47E881420518}.Release|Any CPU.Build.0 = Release|Any CPU
	EndGlobalSection
	GlobalSection(SolutionProperties) = preSolution
		HideSolutionNode = FALSE
	EndGlobalSection
	GlobalSection(ExtensibilityGlobals) = postSolution
		SolutionGuid = {68282F24-E776-479E-BB12-9DFB1C445B78}
	EndGlobalSection
EndGlobal
